// !$*UTF8*$!
{
	archiveVersion = 1;
	classes = {
	};
	objectVersion = 46;
	objects = {

/* Begin PBXBuildFile section */
		7221CFF31ED6F3040067FE7F /* SyncManager.swift in Sources */ = {isa = PBXBuildFile; fileRef = 7221CFF21ED6F3040067FE7F /* SyncManager.swift */; };
		7244F7611ED5241300322749 /* AppDelegate.swift in Sources */ = {isa = PBXBuildFile; fileRef = 7244F7601ED5241300322749 /* AppDelegate.swift */; };
		7244F7631ED5241300322749 /* MasterViewController.swift in Sources */ = {isa = PBXBuildFile; fileRef = 7244F7621ED5241300322749 /* MasterViewController.swift */; };
		7244F7651ED5241300322749 /* DetailViewController.swift in Sources */ = {isa = PBXBuildFile; fileRef = 7244F7641ED5241300322749 /* DetailViewController.swift */; };
		7244F7681ED5241300322749 /* Main.storyboard in Resources */ = {isa = PBXBuildFile; fileRef = 7244F7661ED5241300322749 /* Main.storyboard */; };
		7244F76A1ED5241300322749 /* Assets.xcassets in Resources */ = {isa = PBXBuildFile; fileRef = 7244F7691ED5241300322749 /* Assets.xcassets */; };
		7244F76D1ED5241300322749 /* LaunchScreen.storyboard in Resources */ = {isa = PBXBuildFile; fileRef = 7244F76B1ED5241300322749 /* LaunchScreen.storyboard */; };
		7244F7991ED5346E00322749 /* simpleBlog.xcdatamodeld in Sources */ = {isa = PBXBuildFile; fileRef = 7244F7971ED5346E00322749 /* simpleBlog.xcdatamodeld */; };
		7244F79B1ED5397100322749 /* MyNetwork.swift in Sources */ = {isa = PBXBuildFile; fileRef = 7244F79A1ED5397100322749 /* MyNetwork.swift */; };
		724F56711EE79D3C00999540 /* TableViewItem.swift in Sources */ = {isa = PBXBuildFile; fileRef = 724F56701EE79D3C00999540 /* TableViewItem.swift */; };
		7255FAF01ED57EFF003A8752 /* MyTableViewCell.swift in Sources */ = {isa = PBXBuildFile; fileRef = 7255FAEE1ED57EFF003A8752 /* MyTableViewCell.swift */; };
		7255FAF11ED57EFF003A8752 /* MyTableViewCell.xib in Resources */ = {isa = PBXBuildFile; fileRef = 7255FAEF1ED57EFF003A8752 /* MyTableViewCell.xib */; };
		7255FAF31ED5806A003A8752 /* MyDB.swift in Sources */ = {isa = PBXBuildFile; fileRef = 7255FAF21ED5806A003A8752 /* MyDB.swift */; };
		72A2B86D1ED5925B00672B0A /* PostRecords+CoreDataClass.swift in Sources */ = {isa = PBXBuildFile; fileRef = 72A2B86B1ED5925B00672B0A /* PostRecords+CoreDataClass.swift */; };
		72A2B86E1ED5925B00672B0A /* PostRecords+CoreDataProperties.swift in Sources */ = {isa = PBXBuildFile; fileRef = 72A2B86C1ED5925B00672B0A /* PostRecords+CoreDataProperties.swift */; };
		72EFFC6E1EE67B2500753AEC /* AddModuleAPIDataManager.swift in Sources */ = {isa = PBXBuildFile; fileRef = 72EFFC4F1EE67B2500753AEC /* AddModuleAPIDataManager.swift */; };
		72EFFC6F1EE67B2500753AEC /* AddModuleLocalDataManager.swift in Sources */ = {isa = PBXBuildFile; fileRef = 72EFFC511EE67B2500753AEC /* AddModuleLocalDataManager.swift */; };
		72EFFC701EE67B2500753AEC /* AddModuleInteractor.swift in Sources */ = {isa = PBXBuildFile; fileRef = 72EFFC531EE67B2500753AEC /* AddModuleInteractor.swift */; };
		72EFFC711EE67B2500753AEC /* AddModuleItem.swift in Sources */ = {isa = PBXBuildFile; fileRef = 72EFFC541EE67B2500753AEC /* AddModuleItem.swift */; };
		72EFFC721EE67B2500753AEC /* AddModulePresenter.swift in Sources */ = {isa = PBXBuildFile; fileRef = 72EFFC561EE67B2500753AEC /* AddModulePresenter.swift */; };
		72EFFC731EE67B2500753AEC /* AddModuleProtocols.swift in Sources */ = {isa = PBXBuildFile; fileRef = 72EFFC581EE67B2500753AEC /* AddModuleProtocols.swift */; };
		72EFFC741EE67B2500753AEC /* AddModuleView.swift in Sources */ = {isa = PBXBuildFile; fileRef = 72EFFC5A1EE67B2500753AEC /* AddModuleView.swift */; };
		72EFFC751EE67B2500753AEC /* AddModuleWireFrame.swift in Sources */ = {isa = PBXBuildFile; fileRef = 72EFFC5C1EE67B2500753AEC /* AddModuleWireFrame.swift */; };
		72EFFC761EE67B2500753AEC /* ListModuleAPIDataManager.swift in Sources */ = {isa = PBXBuildFile; fileRef = 72EFFC601EE67B2500753AEC /* ListModuleAPIDataManager.swift */; };
		72EFFC771EE67B2500753AEC /* ListModuleLocalDataManager.swift in Sources */ = {isa = PBXBuildFile; fileRef = 72EFFC621EE67B2500753AEC /* ListModuleLocalDataManager.swift */; };
		72EFFC781EE67B2500753AEC /* ListModuleInteractor.swift in Sources */ = {isa = PBXBuildFile; fileRef = 72EFFC641EE67B2500753AEC /* ListModuleInteractor.swift */; };
		72EFFC791EE67B2500753AEC /* ListModuleItem.swift in Sources */ = {isa = PBXBuildFile; fileRef = 72EFFC651EE67B2500753AEC /* ListModuleItem.swift */; };
		72EFFC7A1EE67B2500753AEC /* ListModulePresenter.swift in Sources */ = {isa = PBXBuildFile; fileRef = 72EFFC671EE67B2500753AEC /* ListModulePresenter.swift */; };
		72EFFC7B1EE67B2500753AEC /* ListModuleProtocols.swift in Sources */ = {isa = PBXBuildFile; fileRef = 72EFFC691EE67B2500753AEC /* ListModuleProtocols.swift */; };
		72EFFC7C1EE67B2500753AEC /* ListModuleView.swift in Sources */ = {isa = PBXBuildFile; fileRef = 72EFFC6B1EE67B2500753AEC /* ListModuleView.swift */; };
		72EFFC7D1EE67B2500753AEC /* ListModuleWireFrame.swift in Sources */ = {isa = PBXBuildFile; fileRef = 72EFFC6D1EE67B2500753AEC /* ListModuleWireFrame.swift */; };
		BC75185E0095A81C5261F773 /* Pods_simpleBlog.framework in Frameworks */ = {isa = PBXBuildFile; fileRef = 1ADA51F8A582F2B4E7940AF1 /* Pods_simpleBlog.framework */; };
/* End PBXBuildFile section */

/* Begin PBXFileReference section */
		1ADA51F8A582F2B4E7940AF1 /* Pods_simpleBlog.framework */ = {isa = PBXFileReference; explicitFileType = wrapper.framework; includeInIndex = 0; path = Pods_simpleBlog.framework; sourceTree = BUILT_PRODUCTS_DIR; };
		7221CFF21ED6F3040067FE7F /* SyncManager.swift */ = {isa = PBXFileReference; fileEncoding = 4; lastKnownFileType = sourcecode.swift; path = SyncManager.swift; sourceTree = "<group>"; };
		7244F75D1ED5241200322749 /* simpleBlog.app */ = {isa = PBXFileReference; explicitFileType = wrapper.application; includeInIndex = 0; path = simpleBlog.app; sourceTree = BUILT_PRODUCTS_DIR; };
		7244F7601ED5241300322749 /* AppDelegate.swift */ = {isa = PBXFileReference; lastKnownFileType = sourcecode.swift; path = AppDelegate.swift; sourceTree = "<group>"; };
		7244F7621ED5241300322749 /* MasterViewController.swift */ = {isa = PBXFileReference; lastKnownFileType = sourcecode.swift; path = MasterViewController.swift; sourceTree = "<group>"; };
		7244F7641ED5241300322749 /* DetailViewController.swift */ = {isa = PBXFileReference; lastKnownFileType = sourcecode.swift; path = DetailViewController.swift; sourceTree = "<group>"; };
		7244F7671ED5241300322749 /* Base */ = {isa = PBXFileReference; lastKnownFileType = file.storyboard; name = Base; path = Base.lproj/Main.storyboard; sourceTree = "<group>"; };
		7244F7691ED5241300322749 /* Assets.xcassets */ = {isa = PBXFileReference; lastKnownFileType = folder.assetcatalog; path = Assets.xcassets; sourceTree = "<group>"; };
		7244F76C1ED5241300322749 /* Base */ = {isa = PBXFileReference; lastKnownFileType = file.storyboard; name = Base; path = Base.lproj/LaunchScreen.storyboard; sourceTree = "<group>"; };
		7244F76E1ED5241300322749 /* Info.plist */ = {isa = PBXFileReference; lastKnownFileType = text.plist.xml; path = Info.plist; sourceTree = "<group>"; };
		7244F7981ED5346E00322749 /* simpleBlog.xcdatamodel */ = {isa = PBXFileReference; lastKnownFileType = wrapper.xcdatamodel; path = simpleBlog.xcdatamodel; sourceTree = "<group>"; };
		7244F79A1ED5397100322749 /* MyNetwork.swift */ = {isa = PBXFileReference; fileEncoding = 4; lastKnownFileType = sourcecode.swift; path = MyNetwork.swift; sourceTree = "<group>"; };
		724F56701EE79D3C00999540 /* TableViewItem.swift */ = {isa = PBXFileReference; fileEncoding = 4; lastKnownFileType = sourcecode.swift; path = TableViewItem.swift; sourceTree = "<group>"; };
		7255FAEE1ED57EFF003A8752 /* MyTableViewCell.swift */ = {isa = PBXFileReference; fileEncoding = 4; lastKnownFileType = sourcecode.swift; name = MyTableViewCell.swift; path = ../../MyTableViewCell.swift; sourceTree = "<group>"; };
		7255FAEF1ED57EFF003A8752 /* MyTableViewCell.xib */ = {isa = PBXFileReference; fileEncoding = 4; lastKnownFileType = file.xib; name = MyTableViewCell.xib; path = ../../MyTableViewCell.xib; sourceTree = "<group>"; };
		7255FAF21ED5806A003A8752 /* MyDB.swift */ = {isa = PBXFileReference; fileEncoding = 4; lastKnownFileType = sourcecode.swift; path = MyDB.swift; sourceTree = "<group>"; };
		72A2B86B1ED5925B00672B0A /* PostRecords+CoreDataClass.swift */ = {isa = PBXFileReference; fileEncoding = 4; lastKnownFileType = sourcecode.swift; name = "PostRecords+CoreDataClass.swift"; path = "../../../PostRecords+CoreDataClass.swift"; sourceTree = "<group>"; };
		72A2B86C1ED5925B00672B0A /* PostRecords+CoreDataProperties.swift */ = {isa = PBXFileReference; fileEncoding = 4; lastKnownFileType = sourcecode.swift; name = "PostRecords+CoreDataProperties.swift"; path = "../../../PostRecords+CoreDataProperties.swift"; sourceTree = "<group>"; };
		72EFFC4F1EE67B2500753AEC /* AddModuleAPIDataManager.swift */ = {isa = PBXFileReference; fileEncoding = 4; lastKnownFileType = sourcecode.swift; path = AddModuleAPIDataManager.swift; sourceTree = "<group>"; };
		72EFFC511EE67B2500753AEC /* AddModuleLocalDataManager.swift */ = {isa = PBXFileReference; fileEncoding = 4; lastKnownFileType = sourcecode.swift; path = AddModuleLocalDataManager.swift; sourceTree = "<group>"; };
		72EFFC531EE67B2500753AEC /* AddModuleInteractor.swift */ = {isa = PBXFileReference; fileEncoding = 4; lastKnownFileType = sourcecode.swift; path = AddModuleInteractor.swift; sourceTree = "<group>"; };
		72EFFC541EE67B2500753AEC /* AddModuleItem.swift */ = {isa = PBXFileReference; fileEncoding = 4; lastKnownFileType = sourcecode.swift; path = AddModuleItem.swift; sourceTree = "<group>"; };
		72EFFC561EE67B2500753AEC /* AddModulePresenter.swift */ = {isa = PBXFileReference; fileEncoding = 4; lastKnownFileType = sourcecode.swift; path = AddModulePresenter.swift; sourceTree = "<group>"; };
		72EFFC581EE67B2500753AEC /* AddModuleProtocols.swift */ = {isa = PBXFileReference; fileEncoding = 4; lastKnownFileType = sourcecode.swift; path = AddModuleProtocols.swift; sourceTree = "<group>"; };
		72EFFC5A1EE67B2500753AEC /* AddModuleView.swift */ = {isa = PBXFileReference; fileEncoding = 4; lastKnownFileType = sourcecode.swift; path = AddModuleView.swift; sourceTree = "<group>"; };
		72EFFC5C1EE67B2500753AEC /* AddModuleWireFrame.swift */ = {isa = PBXFileReference; fileEncoding = 4; lastKnownFileType = sourcecode.swift; path = AddModuleWireFrame.swift; sourceTree = "<group>"; };
		72EFFC601EE67B2500753AEC /* ListModuleAPIDataManager.swift */ = {isa = PBXFileReference; fileEncoding = 4; lastKnownFileType = sourcecode.swift; path = ListModuleAPIDataManager.swift; sourceTree = "<group>"; };
		72EFFC621EE67B2500753AEC /* ListModuleLocalDataManager.swift */ = {isa = PBXFileReference; fileEncoding = 4; lastKnownFileType = sourcecode.swift; path = ListModuleLocalDataManager.swift; sourceTree = "<group>"; };
		72EFFC641EE67B2500753AEC /* ListModuleInteractor.swift */ = {isa = PBXFileReference; fileEncoding = 4; lastKnownFileType = sourcecode.swift; path = ListModuleInteractor.swift; sourceTree = "<group>"; };
		72EFFC651EE67B2500753AEC /* ListModuleItem.swift */ = {isa = PBXFileReference; fileEncoding = 4; lastKnownFileType = sourcecode.swift; path = ListModuleItem.swift; sourceTree = "<group>"; };
		72EFFC671EE67B2500753AEC /* ListModulePresenter.swift */ = {isa = PBXFileReference; fileEncoding = 4; lastKnownFileType = sourcecode.swift; path = ListModulePresenter.swift; sourceTree = "<group>"; };
		72EFFC691EE67B2500753AEC /* ListModuleProtocols.swift */ = {isa = PBXFileReference; fileEncoding = 4; lastKnownFileType = sourcecode.swift; path = ListModuleProtocols.swift; sourceTree = "<group>"; };
		72EFFC6B1EE67B2500753AEC /* ListModuleView.swift */ = {isa = PBXFileReference; fileEncoding = 4; lastKnownFileType = sourcecode.swift; path = ListModuleView.swift; sourceTree = "<group>"; };
		72EFFC6D1EE67B2500753AEC /* ListModuleWireFrame.swift */ = {isa = PBXFileReference; fileEncoding = 4; lastKnownFileType = sourcecode.swift; path = ListModuleWireFrame.swift; sourceTree = "<group>"; };
		773AB160D5BFE1F27ED570BD /* Pods-simpleBlog.debug.xcconfig */ = {isa = PBXFileReference; includeInIndex = 1; lastKnownFileType = text.xcconfig; name = "Pods-simpleBlog.debug.xcconfig"; path = "Pods/Target Support Files/Pods-simpleBlog/Pods-simpleBlog.debug.xcconfig"; sourceTree = "<group>"; };
		C1D83873826A132A3080F07E /* Pods-simpleBlog.release.xcconfig */ = {isa = PBXFileReference; includeInIndex = 1; lastKnownFileType = text.xcconfig; name = "Pods-simpleBlog.release.xcconfig"; path = "Pods/Target Support Files/Pods-simpleBlog/Pods-simpleBlog.release.xcconfig"; sourceTree = "<group>"; };
/* End PBXFileReference section */

/* Begin PBXFrameworksBuildPhase section */
		7244F75A1ED5241200322749 /* Frameworks */ = {
			isa = PBXFrameworksBuildPhase;
			buildActionMask = 2147483647;
			files = (
				BC75185E0095A81C5261F773 /* Pods_simpleBlog.framework in Frameworks */,
			);
			runOnlyForDeploymentPostprocessing = 0;
		};
/* End PBXFrameworksBuildPhase section */

/* Begin PBXGroup section */
		7221CFF11ED6EE280067FE7F /* NetworkLayer */ = {
			isa = PBXGroup;
			children = (
				7244F79A1ED5397100322749 /* MyNetwork.swift */,
				7221CFF21ED6F3040067FE7F /* SyncManager.swift */,
			);
			name = NetworkLayer;
			sourceTree = "<group>";
		};
		7244F7541ED5241200322749 = {
			isa = PBXGroup;
			children = (
				7244F75F1ED5241200322749 /* simpleBlog */,
				7244F75E1ED5241200322749 /* Products */,
				E9E06AE0B5562B81E2742382 /* Pods */,
				E2AD21605909447CC72F5113 /* Frameworks */,
			);
			sourceTree = "<group>";
		};
		7244F75E1ED5241200322749 /* Products */ = {
			isa = PBXGroup;
			children = (
				7244F75D1ED5241200322749 /* simpleBlog.app */,
			);
			name = Products;
			sourceTree = "<group>";
		};
		7244F75F1ED5241200322749 /* simpleBlog */ = {
			isa = PBXGroup;
			children = (
				72EFFC4C1EE67B2500753AEC /* AddModule */,
				72EFFC5D1EE67B2500753AEC /* ListModule */,
				7244F7601ED5241300322749 /* AppDelegate.swift */,
				7221CFF11ED6EE280067FE7F /* NetworkLayer */,
				7255FB041ED587AA003A8752 /* DBLayer */,
				7244F7621ED5241300322749 /* MasterViewController.swift */,
				7244F7641ED5241300322749 /* DetailViewController.swift */,
				7244F7661ED5241300322749 /* Main.storyboard */,
				7244F7691ED5241300322749 /* Assets.xcassets */,
				7244F76B1ED5241300322749 /* LaunchScreen.storyboard */,
				7244F76E1ED5241300322749 /* Info.plist */,
			);
			path = simpleBlog;
			sourceTree = "<group>";
		};
		7255FB041ED587AA003A8752 /* DBLayer */ = {
			isa = PBXGroup;
			children = (
				7255FAF21ED5806A003A8752 /* MyDB.swift */,
			);
			name = DBLayer;
			sourceTree = "<group>";
		};
		72EFFC4C1EE67B2500753AEC /* AddModule */ = {
			isa = PBXGroup;
			children = (
				72EFFC4D1EE67B2500753AEC /* DataManager */,
				72EFFC521EE67B2500753AEC /* Interactor */,
				72EFFC551EE67B2500753AEC /* Presenter */,
				72EFFC571EE67B2500753AEC /* Protocols */,
				72EFFC591EE67B2500753AEC /* View */,
				72EFFC5B1EE67B2500753AEC /* WireFrame */,
			);
			path = AddModule;
			sourceTree = "<group>";
		};
		72EFFC4D1EE67B2500753AEC /* DataManager */ = {
			isa = PBXGroup;
			children = (
				72EFFC4E1EE67B2500753AEC /* API */,
				72EFFC501EE67B2500753AEC /* Local */,
			);
			path = DataManager;
			sourceTree = "<group>";
		};
		72EFFC4E1EE67B2500753AEC /* API */ = {
			isa = PBXGroup;
			children = (
				72EFFC4F1EE67B2500753AEC /* AddModuleAPIDataManager.swift */,
			);
			path = API;
			sourceTree = "<group>";
		};
		72EFFC501EE67B2500753AEC /* Local */ = {
			isa = PBXGroup;
			children = (
				72EFFC511EE67B2500753AEC /* AddModuleLocalDataManager.swift */,
			);
			path = Local;
			sourceTree = "<group>";
		};
		72EFFC521EE67B2500753AEC /* Interactor */ = {
			isa = PBXGroup;
			children = (
				72EFFC531EE67B2500753AEC /* AddModuleInteractor.swift */,
				72EFFC541EE67B2500753AEC /* AddModuleItem.swift */,
			);
			path = Interactor;
			sourceTree = "<group>";
		};
		72EFFC551EE67B2500753AEC /* Presenter */ = {
			isa = PBXGroup;
			children = (
				72EFFC561EE67B2500753AEC /* AddModulePresenter.swift */,
			);
			path = Presenter;
			sourceTree = "<group>";
		};
		72EFFC571EE67B2500753AEC /* Protocols */ = {
			isa = PBXGroup;
			children = (
				72EFFC581EE67B2500753AEC /* AddModuleProtocols.swift */,
			);
			path = Protocols;
			sourceTree = "<group>";
		};
		72EFFC591EE67B2500753AEC /* View */ = {
			isa = PBXGroup;
			children = (
				72EFFC5A1EE67B2500753AEC /* AddModuleView.swift */,
			);
			path = View;
			sourceTree = "<group>";
		};
		72EFFC5B1EE67B2500753AEC /* WireFrame */ = {
			isa = PBXGroup;
			children = (
				72EFFC5C1EE67B2500753AEC /* AddModuleWireFrame.swift */,
			);
			path = WireFrame;
			sourceTree = "<group>";
		};
		72EFFC5D1EE67B2500753AEC /* ListModule */ = {
			isa = PBXGroup;
			children = (
				72EFFC5E1EE67B2500753AEC /* DataManager */,
				72EFFC631EE67B2500753AEC /* Interactor */,
				72EFFC661EE67B2500753AEC /* Presenter */,
				72EFFC681EE67B2500753AEC /* Protocols */,
				72EFFC6A1EE67B2500753AEC /* View */,
				72EFFC6C1EE67B2500753AEC /* WireFrame */,
			);
			path = ListModule;
			sourceTree = "<group>";
		};
		72EFFC5E1EE67B2500753AEC /* DataManager */ = {
			isa = PBXGroup;
			children = (
				72EFFC5F1EE67B2500753AEC /* API */,
				72EFFC611EE67B2500753AEC /* Local */,
			);
			path = DataManager;
			sourceTree = "<group>";
		};
		72EFFC5F1EE67B2500753AEC /* API */ = {
			isa = PBXGroup;
			children = (
				72EFFC601EE67B2500753AEC /* ListModuleAPIDataManager.swift */,
			);
			path = API;
			sourceTree = "<group>";
		};
		72EFFC611EE67B2500753AEC /* Local */ = {
			isa = PBXGroup;
			children = (
				7244F7971ED5346E00322749 /* simpleBlog.xcdatamodeld */,
				72EFFC621EE67B2500753AEC /* ListModuleLocalDataManager.swift */,
				72A2B86B1ED5925B00672B0A /* PostRecords+CoreDataClass.swift */,
				72A2B86C1ED5925B00672B0A /* PostRecords+CoreDataProperties.swift */,
			);
			path = Local;
			sourceTree = "<group>";
		};
		72EFFC631EE67B2500753AEC /* Interactor */ = {
			isa = PBXGroup;
			children = (
				72EFFC641EE67B2500753AEC /* ListModuleInteractor.swift */,
				72EFFC651EE67B2500753AEC /* ListModuleItem.swift */,
			);
			path = Interactor;
			sourceTree = "<group>";
		};
		72EFFC661EE67B2500753AEC /* Presenter */ = {
			isa = PBXGroup;
			children = (
				72EFFC671EE67B2500753AEC /* ListModulePresenter.swift */,
			);
			path = Presenter;
			sourceTree = "<group>";
		};
		72EFFC681EE67B2500753AEC /* Protocols */ = {
			isa = PBXGroup;
			children = (
				72EFFC691EE67B2500753AEC /* ListModuleProtocols.swift */,
			);
			path = Protocols;
			sourceTree = "<group>";
		};
		72EFFC6A1EE67B2500753AEC /* View */ = {
			isa = PBXGroup;
			children = (
				72EFFC6B1EE67B2500753AEC /* ListModuleView.swift */,
				724F56701EE79D3C00999540 /* TableViewItem.swift */,
				7255FAEE1ED57EFF003A8752 /* MyTableViewCell.swift */,
				7255FAEF1ED57EFF003A8752 /* MyTableViewCell.xib */,
			);
			path = View;
			sourceTree = "<group>";
		};
		72EFFC6C1EE67B2500753AEC /* WireFrame */ = {
			isa = PBXGroup;
			children = (
				72EFFC6D1EE67B2500753AEC /* ListModuleWireFrame.swift */,
			);
			path = WireFrame;
			sourceTree = "<group>";
		};
		E2AD21605909447CC72F5113 /* Frameworks */ = {
			isa = PBXGroup;
			children = (
				1ADA51F8A582F2B4E7940AF1 /* Pods_simpleBlog.framework */,
			);
			name = Frameworks;
			sourceTree = "<group>";
		};
		E9E06AE0B5562B81E2742382 /* Pods */ = {
			isa = PBXGroup;
			children = (
				773AB160D5BFE1F27ED570BD /* Pods-simpleBlog.debug.xcconfig */,
				C1D83873826A132A3080F07E /* Pods-simpleBlog.release.xcconfig */,
			);
			name = Pods;
			sourceTree = "<group>";
		};
/* End PBXGroup section */

/* Begin PBXNativeTarget section */
		7244F75C1ED5241200322749 /* simpleBlog */ = {
			isa = PBXNativeTarget;
			buildConfigurationList = 7244F7711ED5241300322749 /* Build configuration list for PBXNativeTarget "simpleBlog" */;
			buildPhases = (
				930AEE5ABD5F6F587CFD1E3E /* [CP] Check Pods Manifest.lock */,
				7244F7591ED5241200322749 /* Sources */,
				7244F75A1ED5241200322749 /* Frameworks */,
				7244F75B1ED5241200322749 /* Resources */,
				3E23C2BA13E7516E71A74181 /* [CP] Embed Pods Frameworks */,
				8CBEF48BAC3A3134CC90BD56 /* [CP] Copy Pods Resources */,
			);
			buildRules = (
			);
			dependencies = (
			);
			name = simpleBlog;
			productName = simpleBlog;
			productReference = 7244F75D1ED5241200322749 /* simpleBlog.app */;
			productType = "com.apple.product-type.application";
		};
/* End PBXNativeTarget section */

/* Begin PBXProject section */
		7244F7551ED5241200322749 /* Project object */ = {
			isa = PBXProject;
			attributes = {
				LastSwiftUpdateCheck = 0820;
				LastUpgradeCheck = 0820;
				ORGANIZATIONNAME = "ip-suvorov";
				TargetAttributes = {
					7244F75C1ED5241200322749 = {
						CreatedOnToolsVersion = 8.2.1;
						DevelopmentTeam = PJBSW2TRN8;
						ProvisioningStyle = Automatic;
					};
				};
			};
			buildConfigurationList = 7244F7581ED5241200322749 /* Build configuration list for PBXProject "simpleBlog" */;
			compatibilityVersion = "Xcode 3.2";
			developmentRegion = English;
			hasScannedForEncodings = 0;
			knownRegions = (
				en,
				Base,
			);
			mainGroup = 7244F7541ED5241200322749;
			productRefGroup = 7244F75E1ED5241200322749 /* Products */;
			projectDirPath = "";
			projectRoot = "";
			targets = (
				7244F75C1ED5241200322749 /* simpleBlog */,
			);
		};
/* End PBXProject section */

/* Begin PBXResourcesBuildPhase section */
		7244F75B1ED5241200322749 /* Resources */ = {
			isa = PBXResourcesBuildPhase;
			buildActionMask = 2147483647;
			files = (
				7244F76D1ED5241300322749 /* LaunchScreen.storyboard in Resources */,
				7255FAF11ED57EFF003A8752 /* MyTableViewCell.xib in Resources */,
				7244F76A1ED5241300322749 /* Assets.xcassets in Resources */,
				7244F7681ED5241300322749 /* Main.storyboard in Resources */,
			);
			runOnlyForDeploymentPostprocessing = 0;
		};
/* End PBXResourcesBuildPhase section */

/* Begin PBXShellScriptBuildPhase section */
		3E23C2BA13E7516E71A74181 /* [CP] Embed Pods Frameworks */ = {
			isa = PBXShellScriptBuildPhase;
			buildActionMask = 2147483647;
			files = (
			);
			inputPaths = (
			);
			name = "[CP] Embed Pods Frameworks";
			outputPaths = (
			);
			runOnlyForDeploymentPostprocessing = 0;
			shellPath = /bin/sh;
			shellScript = "\"${SRCROOT}/Pods/Target Support Files/Pods-simpleBlog/Pods-simpleBlog-frameworks.sh\"\n";
			showEnvVarsInLog = 0;
		};
		8CBEF48BAC3A3134CC90BD56 /* [CP] Copy Pods Resources */ = {
			isa = PBXShellScriptBuildPhase;
			buildActionMask = 2147483647;
			files = (
			);
			inputPaths = (
			);
			name = "[CP] Copy Pods Resources";
			outputPaths = (
			);
			runOnlyForDeploymentPostprocessing = 0;
			shellPath = /bin/sh;
			shellScript = "\"${SRCROOT}/Pods/Target Support Files/Pods-simpleBlog/Pods-simpleBlog-resources.sh\"\n";
			showEnvVarsInLog = 0;
		};
		930AEE5ABD5F6F587CFD1E3E /* [CP] Check Pods Manifest.lock */ = {
			isa = PBXShellScriptBuildPhase;
			buildActionMask = 2147483647;
			files = (
			);
			inputPaths = (
			);
			name = "[CP] Check Pods Manifest.lock";
			outputPaths = (
			);
			runOnlyForDeploymentPostprocessing = 0;
			shellPath = /bin/sh;
			shellScript = "diff \"${PODS_PODFILE_DIR_PATH}/Podfile.lock\" \"${PODS_ROOT}/Manifest.lock\" > /dev/null\nif [ $? != 0 ] ; then\n    # print error to STDERR\n    echo \"error: The sandbox is not in sync with the Podfile.lock. Run 'pod install' or update your CocoaPods installation.\" >&2\n    exit 1\nfi\n";
			showEnvVarsInLog = 0;
		};
/* End PBXShellScriptBuildPhase section */

/* Begin PBXSourcesBuildPhase section */
		7244F7591ED5241200322749 /* Sources */ = {
			isa = PBXSourcesBuildPhase;
			buildActionMask = 2147483647;
			files = (
				72EFFC711EE67B2500753AEC /* AddModuleItem.swift in Sources */,
				72EFFC761EE67B2500753AEC /* ListModuleAPIDataManager.swift in Sources */,
				72EFFC771EE67B2500753AEC /* ListModuleLocalDataManager.swift in Sources */,
				7255FAF31ED5806A003A8752 /* MyDB.swift in Sources */,
				72EFFC7D1EE67B2500753AEC /* ListModuleWireFrame.swift in Sources */,
				7244F7651ED5241300322749 /* DetailViewController.swift in Sources */,
				7244F7991ED5346E00322749 /* simpleBlog.xcdatamodeld in Sources */,
				72EFFC6E1EE67B2500753AEC /* AddModuleAPIDataManager.swift in Sources */,
				7244F79B1ED5397100322749 /* MyNetwork.swift in Sources */,
				7244F7631ED5241300322749 /* MasterViewController.swift in Sources */,
				72EFFC741EE67B2500753AEC /* AddModuleView.swift in Sources */,
				72EFFC751EE67B2500753AEC /* AddModuleWireFrame.swift in Sources */,
				72EFFC7C1EE67B2500753AEC /* ListModuleView.swift in Sources */,
				72EFFC781EE67B2500753AEC /* ListModuleInteractor.swift in Sources */,
				72EFFC731EE67B2500753AEC /* AddModuleProtocols.swift in Sources */,
				7244F7611ED5241300322749 /* AppDelegate.swift in Sources */,
				7221CFF31ED6F3040067FE7F /* SyncManager.swift in Sources */,
				72A2B86E1ED5925B00672B0A /* PostRecords+CoreDataProperties.swift in Sources */,
				72EFFC721EE67B2500753AEC /* AddModulePresenter.swift in Sources */,
				72EFFC7A1EE67B2500753AEC /* ListModulePresenter.swift in Sources */,
				72EFFC701EE67B2500753AEC /* AddModuleInteractor.swift in Sources */,
				72EFFC7B1EE67B2500753AEC /* ListModuleProtocols.swift in Sources */,
				724F56711EE79D3C00999540 /* TableViewItem.swift in Sources */,
				72EFFC791EE67B2500753AEC /* ListModuleItem.swift in Sources */,
				72EFFC6F1EE67B2500753AEC /* AddModuleLocalDataManager.swift in Sources */,
				72A2B86D1ED5925B00672B0A /* PostRecords+CoreDataClass.swift in Sources */,
				7255FAF01ED57EFF003A8752 /* MyTableViewCell.swift in Sources */,
			);
			runOnlyForDeploymentPostprocessing = 0;
		};
/* End PBXSourcesBuildPhase section */

/* Begin PBXVariantGroup section */
		7244F7661ED5241300322749 /* Main.storyboard */ = {
			isa = PBXVariantGroup;
			children = (
				7244F7671ED5241300322749 /* Base */,
			);
			name = Main.storyboard;
			sourceTree = "<group>";
		};
		7244F76B1ED5241300322749 /* LaunchScreen.storyboard */ = {
			isa = PBXVariantGroup;
			children = (
				7244F76C1ED5241300322749 /* Base */,
			);
			name = LaunchScreen.storyboard;
			sourceTree = "<group>";
		};
/* End PBXVariantGroup section */

/* Begin XCBuildConfiguration section */
		7244F76F1ED5241300322749 /* Debug */ = {
			isa = XCBuildConfiguration;
			buildSettings = {
				ALWAYS_SEARCH_USER_PATHS = NO;
				CLANG_ANALYZER_NONNULL = YES;
				CLANG_CXX_LANGUAGE_STANDARD = "gnu++0x";
				CLANG_CXX_LIBRARY = "libc++";
				CLANG_ENABLE_MODULES = YES;
				CLANG_ENABLE_OBJC_ARC = YES;
				CLANG_WARN_BOOL_CONVERSION = YES;
				CLANG_WARN_CONSTANT_CONVERSION = YES;
				CLANG_WARN_DIRECT_OBJC_ISA_USAGE = YES_ERROR;
				CLANG_WARN_DOCUMENTATION_COMMENTS = YES;
				CLANG_WARN_EMPTY_BODY = YES;
				CLANG_WARN_ENUM_CONVERSION = YES;
				CLANG_WARN_INFINITE_RECURSION = YES;
				CLANG_WARN_INT_CONVERSION = YES;
				CLANG_WARN_OBJC_ROOT_CLASS = YES_ERROR;
				CLANG_WARN_SUSPICIOUS_MOVE = YES;
				CLANG_WARN_UNREACHABLE_CODE = YES;
				CLANG_WARN__DUPLICATE_METHOD_MATCH = YES;
				"CODE_SIGN_IDENTITY[sdk=iphoneos*]" = "iPhone Developer";
				COPY_PHASE_STRIP = NO;
				DEBUG_INFORMATION_FORMAT = dwarf;
				ENABLE_STRICT_OBJC_MSGSEND = YES;
				ENABLE_TESTABILITY = YES;
				GCC_C_LANGUAGE_STANDARD = gnu99;
				GCC_DYNAMIC_NO_PIC = NO;
				GCC_NO_COMMON_BLOCKS = YES;
				GCC_OPTIMIZATION_LEVEL = 0;
				GCC_PREPROCESSOR_DEFINITIONS = (
					"DEBUG=1",
					"$(inherited)",
				);
				GCC_WARN_64_TO_32_BIT_CONVERSION = YES;
				GCC_WARN_ABOUT_RETURN_TYPE = YES_ERROR;
				GCC_WARN_UNDECLARED_SELECTOR = YES;
				GCC_WARN_UNINITIALIZED_AUTOS = YES_AGGRESSIVE;
				GCC_WARN_UNUSED_FUNCTION = YES;
				GCC_WARN_UNUSED_VARIABLE = YES;
				IPHONEOS_DEPLOYMENT_TARGET = 10.2;
				MTL_ENABLE_DEBUG_INFO = YES;
				ONLY_ACTIVE_ARCH = YES;
				SDKROOT = iphoneos;
				SWIFT_ACTIVE_COMPILATION_CONDITIONS = DEBUG;
				SWIFT_OPTIMIZATION_LEVEL = "-Onone";
				TARGETED_DEVICE_FAMILY = "1,2";
			};
			name = Debug;
		};
		7244F7701ED5241300322749 /* Release */ = {
			isa = XCBuildConfiguration;
			buildSettings = {
				ALWAYS_SEARCH_USER_PATHS = NO;
				CLANG_ANALYZER_NONNULL = YES;
				CLANG_CXX_LANGUAGE_STANDARD = "gnu++0x";
				CLANG_CXX_LIBRARY = "libc++";
				CLANG_ENABLE_MODULES = YES;
				CLANG_ENABLE_OBJC_ARC = YES;
				CLANG_WARN_BOOL_CONVERSION = YES;
				CLANG_WARN_CONSTANT_CONVERSION = YES;
				CLANG_WARN_DIRECT_OBJC_ISA_USAGE = YES_ERROR;
				CLANG_WARN_DOCUMENTATION_COMMENTS = YES;
				CLANG_WARN_EMPTY_BODY = YES;
				CLANG_WARN_ENUM_CONVERSION = YES;
				CLANG_WARN_INFINITE_RECURSION = YES;
				CLANG_WARN_INT_CONVERSION = YES;
				CLANG_WARN_OBJC_ROOT_CLASS = YES_ERROR;
				CLANG_WARN_SUSPICIOUS_MOVE = YES;
				CLANG_WARN_UNREACHABLE_CODE = YES;
				CLANG_WARN__DUPLICATE_METHOD_MATCH = YES;
				"CODE_SIGN_IDENTITY[sdk=iphoneos*]" = "iPhone Developer";
				COPY_PHASE_STRIP = NO;
				DEBUG_INFORMATION_FORMAT = "dwarf-with-dsym";
				ENABLE_NS_ASSERTIONS = NO;
				ENABLE_STRICT_OBJC_MSGSEND = YES;
				GCC_C_LANGUAGE_STANDARD = gnu99;
				GCC_NO_COMMON_BLOCKS = YES;
				GCC_WARN_64_TO_32_BIT_CONVERSION = YES;
				GCC_WARN_ABOUT_RETURN_TYPE = YES_ERROR;
				GCC_WARN_UNDECLARED_SELECTOR = YES;
				GCC_WARN_UNINITIALIZED_AUTOS = YES_AGGRESSIVE;
				GCC_WARN_UNUSED_FUNCTION = YES;
				GCC_WARN_UNUSED_VARIABLE = YES;
				IPHONEOS_DEPLOYMENT_TARGET = 10.2;
				MTL_ENABLE_DEBUG_INFO = NO;
				SDKROOT = iphoneos;
				SWIFT_OPTIMIZATION_LEVEL = "-Owholemodule";
				TARGETED_DEVICE_FAMILY = "1,2";
				VALIDATE_PRODUCT = YES;
			};
			name = Release;
		};
		7244F7721ED5241300322749 /* Debug */ = {
			isa = XCBuildConfiguration;
			baseConfigurationReference = 773AB160D5BFE1F27ED570BD /* Pods-simpleBlog.debug.xcconfig */;
			buildSettings = {
				ALWAYS_EMBED_SWIFT_STANDARD_LIBRARIES = YES;
				ASSETCATALOG_COMPILER_APPICON_NAME = AppIcon;
				DEVELOPMENT_TEAM = PJBSW2TRN8;
				INFOPLIST_FILE = simpleBlog/Info.plist;
				LD_RUNPATH_SEARCH_PATHS = "$(inherited) @executable_path/Frameworks";
				PRODUCT_BUNDLE_IDENTIFIER = "ru.ip-suvorov.simpleBlog";
				PRODUCT_NAME = "$(TARGET_NAME)";
				SWIFT_VERSION = 3.0;
			};
			name = Debug;
		};
		7244F7731ED5241300322749 /* Release */ = {
			isa = XCBuildConfiguration;
			baseConfigurationReference = C1D83873826A132A3080F07E /* Pods-simpleBlog.release.xcconfig */;
			buildSettings = {
				ALWAYS_EMBED_SWIFT_STANDARD_LIBRARIES = YES;
				ASSETCATALOG_COMPILER_APPICON_NAME = AppIcon;
				DEVELOPMENT_TEAM = PJBSW2TRN8;
				INFOPLIST_FILE = simpleBlog/Info.plist;
				LD_RUNPATH_SEARCH_PATHS = "$(inherited) @executable_path/Frameworks";
				PRODUCT_BUNDLE_IDENTIFIER = "ru.ip-suvorov.simpleBlog";
				PRODUCT_NAME = "$(TARGET_NAME)";
				SWIFT_VERSION = 3.0;
			};
			name = Release;
		};
/* End XCBuildConfiguration section */

/* Begin XCConfigurationList section */
		7244F7581ED5241200322749 /* Build configuration list for PBXProject "simpleBlog" */ = {
			isa = XCConfigurationList;
			buildConfigurations = (
				7244F76F1ED5241300322749 /* Debug */,
				7244F7701ED5241300322749 /* Release */,
			);
			defaultConfigurationIsVisible = 0;
			defaultConfigurationName = Release;
		};
		7244F7711ED5241300322749 /* Build configuration list for PBXNativeTarget "simpleBlog" */ = {
			isa = XCConfigurationList;
			buildConfigurations = (
				7244F7721ED5241300322749 /* Debug */,
				7244F7731ED5241300322749 /* Release */,
			);
			defaultConfigurationIsVisible = 0;
			defaultConfigurationName = Release;
		};
/* End XCConfigurationList section */

/* Begin XCVersionGroup section */
		7244F7971ED5346E00322749 /* simpleBlog.xcdatamodeld */ = {
			isa = XCVersionGroup;
			children = (
				7244F7981ED5346E00322749 /* simpleBlog.xcdatamodel */,
			);
			currentVersion = 7244F7981ED5346E00322749 /* simpleBlog.xcdatamodel */;
			name = simpleBlog.xcdatamodeld;
			path = ../../../simpleBlog.xcdatamodeld;
			sourceTree = "<group>";
			versionGroupType = wrapper.xcdatamodel;
		};
/* End XCVersionGroup section */
	};
	rootObject = 7244F7551ED5241200322749 /* Project object */;
}
